
Microsoft Visual Studio Solution File, Format Version 12.00
# Visual Studio Version 17
VisualStudioVersion = 17.8.34525.116
MinimumVisualStudioVersion = 10.0.40219.1
Project("{9A19103F-16F7-4668-BE54-9A1E7A4F7556}") = "Sharploud", "Sharploud.csproj", "{8CAC9DF2-CEC4-4FDB-B563-E4EF28A70ABA}"
EndProject
Global
	GlobalSection(SolutionConfigurationPlatforms) = preSolution
		Debug|Any CPU = Debug|Any CPU
		Release|Any CPU = Release|Any CPU
	EndGlobalSection
	GlobalSection(ProjectConfigurationPlatforms) = postSolution
		{8CAC9DF2-CEC4-4FDB-B563-E4EF28A70ABA}.Debug|Any CPU.ActiveCfg = Debug|Any CPU
		{8CAC9DF2-CEC4-4FDB-B563-E4EF28A70ABA}.Debug|Any CPU.Build.0 = Debug|Any CPU
		{8CAC9DF2-CEC4-4FDB-B563-E4EF28A70ABA}.Release|Any CPU.ActiveCfg = Release|Any CPU
		{8CAC9DF2-CEC4-4FDB-B563-E4EF28A70ABA}.Release|Any CPU.Build.0 = Release|Any CPU
	EndGlobalSection
	GlobalSection(SolutionProperties) = preSolution
		HideSolutionNode = FALSE
	EndGlobalSection
	GlobalSection(ExtensibilityGlobals) = postSolution
		SolutionGuid = {8DCFDF30-6F0A-498E-986A-91A8CE3B1806}
	EndGlobalSection
EndGlobal
